
Microsoft Visual Studio Solution File, Format Version 12.00
# Visual Studio Version 16
VisualStudioVersion = 16.0.29215.179
MinimumVisualStudioVersion = 10.0.40219.1
Project("{FAE04EC0-301F-11D3-BF4B-00C04F79EFBC}") = "FileUpgrader", "FileUpgrader.csproj", "{3F845775-4EAB-4F4C-B33C-2C1E27AB78F4}"
EndProject
Global
	GlobalSection(SolutionConfigurationPlatforms) = preSolution
		Debug|x64 = Debug|x64
		Release|x64 = Release|x64
	EndGlobalSection
	GlobalSection(ProjectConfigurationPlatforms) = postSolution
		{3F845775-4EAB-4F4C-B33C-2C1E27AB78F4}.Debug|x64.ActiveCfg = Debug|x64
		{3F845775-4EAB-4F4C-B33C-2C1E27AB78F4}.Debug|x64.Build.0 = Debug|x64
		{3F845775-4EAB-4F4C-B33C-2C1E27AB78F4}.Release|x64.ActiveCfg = Release|x64
		{3F845775-4EAB-4F4C-B33C-2C1E27AB78F4}.Release|x64.Build.0 = Release|x64
	EndGlobalSection
	GlobalSection(SolutionProperties) = preSolution
		HideSolutionNode = FALSE
	EndGlobalSection
	GlobalSection(ExtensibilityGlobals) = postSolution
		SolutionGuid = {57E1E748-F533-44E9-8603-F7A73507B87A}
	EndGlobalSection
EndGlobal
